Microsoft Visual Studio Solution File, Format Version 12.00
# Visual Studio Version 17
VisualStudioVersion = 17.0.31903.59
MinimumVisualStudioVersion = 10.0.40219.1
Project("{FAE04EC0-301F-11D3-BF4B-00C04F79EFBC}") = "EmailExtractor", "src/EmailExtractor/EmailExtractor.csproj", "{7B4F3F8C-8CE4-4A1E-9E0D-90A7B4A2D9AB}"
EndProject
Global
  GlobalSection(SolutionConfigurationPlatforms) = preSolution
    Debug|Any CPU = Debug|Any CPU
    Release|Any CPU = Release|Any CPU
  EndGlobalSection
  GlobalSection(ProjectConfigurationPlatforms) = postSolution
    {7B4F3F8C-8CE4-4A1E-9E0D-90A7B4A2D9AB}.Debug|Any CPU.ActiveCfg = Debug|Any CPU
    {7B4F3F8C-8CE4-4A1E-9E0D-90A7B4A2D9AB}.Debug|Any CPU.Build.0 = Debug|Any CPU
    {7B4F3F8C-8CE4-4A1E-9E0D-90A7B4A2D9AB}.Release|Any CPU.ActiveCfg = Release|Any CPU
    {7B4F3F8C-8CE4-4A1E-9E0D-90A7B4A2D9AB}.Release|Any CPU.Build.0 = Release|Any CPU
  EndGlobalSection
EndGlobal
