
Microsoft Visual Studio Solution File, Format Version 12.00
# Visual Studio Version 17
VisualStudioVersion = 17.0.31903.59
MinimumVisualStudioVersion = 10.0.40219.1
Project("{FAE04EC0-301F-11D3-BF4B-00C04F79EFBC}") = "EmailExtractor", "src\EmailExtractor\EmailExtractor.csproj", "{7B4F3F8C-8CE4-4A1E-9E0D-90A7B4A2D9AB}"
EndProject
Project("{2150E333-8FDC-42A3-9474-1A3956D46DE8}") = "tests", "tests", "{0AB3BF05-4346-4AA6-1389-037BE0695223}"
EndProject
Project("{FAE04EC0-301F-11D3-BF4B-00C04F79EFBC}") = "EmailExtractor.Tests", "tests\EmailExtractor.Tests\EmailExtractor.Tests.csproj", "{D08FFF0B-377D-4F3B-8DCE-2A01C7249CCE}"
EndProject
Project("{2150E333-8FDC-42A3-9474-1A3956D46DE8}") = "src", "src", "{827E0CD3-B72D-47B6-A68D-7590B98EB39B}"
EndProject
Global
	GlobalSection(SolutionConfigurationPlatforms) = preSolution
		Debug|Any CPU = Debug|Any CPU
		Debug|x64 = Debug|x64
		Debug|x86 = Debug|x86
		Release|Any CPU = Release|Any CPU
		Release|x64 = Release|x64
		Release|x86 = Release|x86
	EndGlobalSection
	GlobalSection(ProjectConfigurationPlatforms) = postSolution
		{7B4F3F8C-8CE4-4A1E-9E0D-90A7B4A2D9AB}.Debug|Any CPU.ActiveCfg = Debug|Any CPU
		{7B4F3F8C-8CE4-4A1E-9E0D-90A7B4A2D9AB}.Debug|Any CPU.Build.0 = Debug|Any CPU
		{7B4F3F8C-8CE4-4A1E-9E0D-90A7B4A2D9AB}.Debug|x64.ActiveCfg = Debug|Any CPU
		{7B4F3F8C-8CE4-4A1E-9E0D-90A7B4A2D9AB}.Debug|x64.Build.0 = Debug|Any CPU
		{7B4F3F8C-8CE4-4A1E-9E0D-90A7B4A2D9AB}.Debug|x86.ActiveCfg = Debug|Any CPU
		{7B4F3F8C-8CE4-4A1E-9E0D-90A7B4A2D9AB}.Debug|x86.Build.0 = Debug|Any CPU
		{7B4F3F8C-8CE4-4A1E-9E0D-90A7B4A2D9AB}.Release|Any CPU.ActiveCfg = Release|Any CPU
		{7B4F3F8C-8CE4-4A1E-9E0D-90A7B4A2D9AB}.Release|Any CPU.Build.0 = Release|Any CPU
		{7B4F3F8C-8CE4-4A1E-9E0D-90A7B4A2D9AB}.Release|x64.ActiveCfg = Release|Any CPU
		{7B4F3F8C-8CE4-4A1E-9E0D-90A7B4A2D9AB}.Release|x64.Build.0 = Release|Any CPU
		{7B4F3F8C-8CE4-4A1E-9E0D-90A7B4A2D9AB}.Release|x86.ActiveCfg = Release|Any CPU
		{7B4F3F8C-8CE4-4A1E-9E0D-90A7B4A2D9AB}.Release|x86.Build.0 = Release|Any CPU
		{D08FFF0B-377D-4F3B-8DCE-2A01C7249CCE}.Debug|Any CPU.ActiveCfg = Debug|Any CPU
		{D08FFF0B-377D-4F3B-8DCE-2A01C7249CCE}.Debug|Any CPU.Build.0 = Debug|Any CPU
		{D08FFF0B-377D-4F3B-8DCE-2A01C7249CCE}.Debug|x64.ActiveCfg = Debug|Any CPU
		{D08FFF0B-377D-4F3B-8DCE-2A01C7249CCE}.Debug|x64.Build.0 = Debug|Any CPU
		{D08FFF0B-377D-4F3B-8DCE-2A01C7249CCE}.Debug|x86.ActiveCfg = Debug|Any CPU
		{D08FFF0B-377D-4F3B-8DCE-2A01C7249CCE}.Debug|x86.Build.0 = Debug|Any CPU
		{D08FFF0B-377D-4F3B-8DCE-2A01C7249CCE}.Release|Any CPU.ActiveCfg = Release|Any CPU
		{D08FFF0B-377D-4F3B-8DCE-2A01C7249CCE}.Release|Any CPU.Build.0 = Release|Any CPU
		{D08FFF0B-377D-4F3B-8DCE-2A01C7249CCE}.Release|x64.ActiveCfg = Release|Any CPU
		{D08FFF0B-377D-4F3B-8DCE-2A01C7249CCE}.Release|x64.Build.0 = Release|Any CPU
		{D08FFF0B-377D-4F3B-8DCE-2A01C7249CCE}.Release|x86.ActiveCfg = Release|Any CPU
		{D08FFF0B-377D-4F3B-8DCE-2A01C7249CCE}.Release|x86.Build.0 = Release|Any CPU
	EndGlobalSection
	GlobalSection(SolutionProperties) = preSolution
		HideSolutionNode = FALSE
	EndGlobalSection
	GlobalSection(NestedProjects) = preSolution
		{D08FFF0B-377D-4F3B-8DCE-2A01C7249CCE} = {0AB3BF05-4346-4AA6-1389-037BE0695223}
	EndGlobalSection
EndGlobal
